<?xml version="1.0" encoding="utf-8"?>
<Project ToolsVersion="4.0" xmlns="http://schemas.microsoft.com/developer/msbuild/2003">
  <ItemGroup>
    <Filter Include="Source Files">
      <UniqueIdentifier>{35b3dd13-11a6-4a93-aeed-ed8b393add55}</UniqueIdentifier>
      <Extensions>cpp;c;cc;cxx;def;odl;idl;hpj;bat;asm;asmx</Extensions>
    </Filter>
    <Filter Include="Header Files">
      <UniqueIdentifier>{e595e074-2d2c-4e31-88c8-7b437c0ec025}</UniqueIdentifier>
      <Extensions>h;hh;hpp;hxx;hm;inl;inc;xsd</Extensions>
    </Filter>
    <Filter Include="Resource Files">
      <UniqueIdentifier>{e4c996b0-efc0-461b-b9e3-4dfb571aad82}</UniqueIdentifier>
      <Extensions>rc;ico;cur;bmp;dlg;rc2;rct;bin;rgs;gif;jpg;jpeg;jpe;resx;tiff;tif;png;wav;mfcribbon-ms</Extensions>
    </Filter>
    <Filter Include="CommonFiles">
      <UniqueIdentifier>{e0ebbfa8-9157-477a-a260-fa7e95e27995}</UniqueIdentifier>
    </Filter>
    <Filter Include="CommonFiles\plana">
      <UniqueIdentifier>{297ac98c-a1d5-47c7-80b4-3087c702c218}</UniqueIdentifier>
    </Filter>
    <Filter Include="CommonFiles\plana\event">
      <UniqueIdentifier>{1cbf3d3f-9b61-4674-9ddd-566ae72a61a3}</UniqueIdentifier>
    </Filter>
    <Filter Include="CommonFiles\plana\threadPools">
      <UniqueIdentifier>{9e1fa805-6ea5-40ff-9871-a69a8f9719d8}</UniqueIdentifier>
    </Filter>
    <Filter Include="CommonFiles\plana\component">
      <UniqueIdentifier>{18671d5d-c344-4fbf-9825-c2a68ee58621}</UniqueIdentifier>
    </Filter>
    <Filter Include="Modules">
      <UniqueIdentifier>{c8768a89-8364-4678-946f-8cac969e7656}</UniqueIdentifier>
    </Filter>
    <Filter Include="Modules\Task">
      <UniqueIdentifier>{c5cf06a1-8eef-475f-89b2-0ef5e91af777}</UniqueIdentifier>
    </Filter>
    <Filter Include="Modules\FirstRecharge">
      <UniqueIdentifier>{8c0bc6e5-082d-448b-9df5-26df07a11fa9}</UniqueIdentifier>
    </Filter>
    <Filter Include="Modules\Treasure">
      <UniqueIdentifier>{79e433bb-ccd3-4e4a-893d-71c26b8b6444}</UniqueIdentifier>
    </Filter>
    <Filter Include="tcycomponent">
      <UniqueIdentifier>{38f5f78b-df4d-46e8-93e9-4b69bda907b4}</UniqueIdentifier>
    </Filter>
    <Filter Include="CommonFiles\HttpClient">
      <UniqueIdentifier>{7d380a70-5171-4fec-8118-a4bb9c672ff1}</UniqueIdentifier>
    </Filter>
    <Filter Include="Modules\UserRecordData">
      <UniqueIdentifier>{79f9887d-f688-4a87-8d87-3536c2936b6b}</UniqueIdentifier>
    </Filter>
    <Filter Include="Modules\WxTask">
      <UniqueIdentifier>{12902893-f8b1-41ca-991c-36a25d128874}</UniqueIdentifier>
    </Filter>
    <Filter Include="AssistSvrSocket">
      <UniqueIdentifier>{430e398c-c347-429c-b4d7-adf6b57fe4ec}</UniqueIdentifier>
    </Filter>
    <Filter Include="Modules\Broadcast">
      <UniqueIdentifier>{179fb17b-9756-40d9-9e6f-e8da54455deb}</UniqueIdentifier>
    </Filter>
    <Filter Include="Modules\PlayerLogon">
      <UniqueIdentifier>{6b9d618d-8b8f-43e0-8047-e50c9dd46825}</UniqueIdentifier>
    </Filter>
    <Filter Include="Modules\LimitConfig">
      <UniqueIdentifier>{f3f62e2f-edf9-4d04-adb7-93cfd71faf94}</UniqueIdentifier>
    </Filter>
    <Filter Include="Modules\TestPbModule">
      <UniqueIdentifier>{b042a271-d172-4e9f-9b6c-ff43e2e7f2ae}</UniqueIdentifier>
    </Filter>
  </ItemGroup>
  <ItemGroup>
    <ClCompile Include="StdAfx.cpp">
      <Filter>Source Files</Filter>
    </ClCompile>
    <ClCompile Include="..\common\plana\component\Component.cpp">
      <Filter>CommonFiles\plana\component</Filter>
    </ClCompile>
    <ClCompile Include="..\common\plana\thread_pool\EventPools.cpp">
      <Filter>CommonFiles\plana\threadPools</Filter>
    </ClCompile>
    <ClCompile Include="MainServer.cpp">
      <Filter>AssistSvrSocket</Filter>
    </ClCompile>
    <ClCompile Include="TaskModule.cpp">
      <Filter>Modules\Task</Filter>
    </ClCompile>
    <ClCompile Include="..\common\HttpClient.cpp">
      <Filter>CommonFiles\HttpClient</Filter>
    </ClCompile>
    <ClCompile Include="ChunkSockClient.cpp">
      <Filter>AssistSvrSocket</Filter>
    </ClCompile>
    <ClCompile Include="Predefine.cpp">
      <Filter>Source Files</Filter>
    </ClCompile>
    <ClCompile Include="FirstRecharge.cpp">
      <Filter>Modules\FirstRecharge</Filter>
    </ClCompile>
    <ClCompile Include="TreasureModule.cpp">
      <Filter>Modules\Treasure</Filter>
    </ClCompile>
    <ClCompile Include="ChunkLogSockClient.cpp">
      <Filter>AssistSvrSocket</Filter>
    </ClCompile>
    <ClCompile Include="UserRecordData.cpp">
      <Filter>Modules\UserRecordData</Filter>
    </ClCompile>
    <ClCompile Include="..\common\tcycomponents\DingTalkRobot.cpp">
      <Filter>tcycomponent</Filter>
    </ClCompile>
    <ClCompile Include="..\common\tcycomponents\DumpUnhandleException.cpp">
      <Filter>tcycomponent</Filter>
    </ClCompile>
    <ClCompile Include="..\common\tcycomponents\HttpSoapModule.cpp">
      <Filter>tcycomponent</Filter>
    </ClCompile>
    <ClCompile Include="..\common\tcycomponents\TcyMsgCenter.cpp">
      <Filter>tcycomponent</Filter>
    </ClCompile>
    <ClCompile Include="..\common\tcycomponents\TcySockClient.cpp">
      <Filter>tcycomponent</Filter>
    </ClCompile>
    <ClCompile Include="..\common\tcycomponents\TcySockSvr.cpp">
      <Filter>tcycomponent</Filter>
    </ClCompile>
    <ClCompile Include="WxTaskModule.cpp">
      <Filter>Modules\WxTask</Filter>
    </ClCompile>
    <ClCompile Include="BroadcastModule.cpp">
      <Filter>Modules\Broadcast</Filter>
    </ClCompile>
    <ClCompile Include="PlayerLogon.cpp">
      <Filter>Modules\PlayerLogon</Filter>
    </ClCompile>
    <ClCompile Include="..\common\tcycomponents\TcyInputTest.cpp">
      <Filter>tcycomponent</Filter>
    </ClCompile>
    <ClCompile Include="Main.cpp">
      <Filter>Source Files</Filter>
    </ClCompile>
    <ClCompile Include="LimitConfig.cpp">
      <Filter>Modules\LimitConfig</Filter>
    </ClCompile>
    <ClCompile Include="TestPbModule.cpp">
      <Filter>Modules\TestPbModule</Filter>
    </ClCompile>
    <ClCompile Include="..\pb\TestPbModule\TestPbModule.pb.cc">
      <Filter>Modules\TestPbModule</Filter>
    </ClCompile>
  </ItemGroup>
  <ItemGroup>
    <ClInclude Include="Main.h">
      <Filter>Header Files</Filter>
    </ClInclude>
    <ClInclude Include="StdAfx.h">
      <Filter>Header Files</Filter>
    </ClInclude>
    <ClInclude Include="..\common\CommonDef.h">
      <Filter>Header Files</Filter>
    </ClInclude>
    <ClInclude Include="..\common\CommonReq.h">
      <Filter>Header Files</Filter>
    </ClInclude>
    <ClInclude Include="..\common\plana\event\Event.h">
      <Filter>CommonFiles\plana\event</Filter>
    </ClInclude>
    <ClInclude Include="..\common\plana\component\Component.h">
      <Filter>CommonFiles\plana\component</Filter>
    </ClInclude>
    <ClInclude Include="..\common\plana\thread_pool\EventPools.h">
      <Filter>CommonFiles\plana\threadPools</Filter>
    </ClInclude>
    <ClInclude Include="MainServer.h">
      <Filter>AssistSvrSocket</Filter>
    </ClInclude>
    <ClInclude Include="..\common\TaskReq.h">
      <Filter>Modules\Task</Filter>
    </ClInclude>
    <ClInclude Include="TaskModule.h">
      <Filter>Modules\Task</Filter>
    </ClInclude>
    <ClInclude Include="Predefine.h">
      <Filter>Header Files</Filter>
    </ClInclude>
    <ClInclude Include="..\common\HttpClient.h">
      <Filter>CommonFiles\HttpClient</Filter>
    </ClInclude>
    <ClInclude Include="ChunkSockClient.h">
      <Filter>AssistSvrSocket</Filter>
    </ClInclude>
    <ClInclude Include="FirstRecharge.h">
      <Filter>Modules\FirstRecharge</Filter>
    </ClInclude>
    <ClInclude Include="TreasureModule.h">
      <Filter>Modules\Treasure</Filter>
    </ClInclude>
    <ClInclude Include="..\common\TreasureReq.h">
      <Filter>Modules\Treasure</Filter>
    </ClInclude>
    <ClInclude Include="ChunkLogSockClient.h">
      <Filter>AssistSvrSocket</Filter>
    </ClInclude>
    <ClInclude Include="..\common\UserRecordDataReq.h">
      <Filter>Modules\UserRecordData</Filter>
    </ClInclude>
    <ClInclude Include="UserRecordData.h">
      <Filter>Modules\UserRecordData</Filter>
    </ClInclude>
    <ClInclude Include="..\common\tcycomponents\DingTalkRobot.h">
      <Filter>tcycomponent</Filter>
    </ClInclude>
    <ClInclude Include="..\common\tcycomponents\DumpUnhandleException.h">
      <Filter>tcycomponent</Filter>
    </ClInclude>
    <ClInclude Include="..\common\tcycomponents\HttpSoapModule.h">
      <Filter>tcycomponent</Filter>
    </ClInclude>
    <ClInclude Include="..\common\tcycomponents\TcyMsgCenter.h">
      <Filter>tcycomponent</Filter>
    </ClInclude>
    <ClInclude Include="..\common\tcycomponents\TcySockClient.h">
      <Filter>tcycomponent</Filter>
    </ClInclude>
    <ClInclude Include="..\common\tcycomponents\TcySockSvr.h">
      <Filter>tcycomponent</Filter>
    </ClInclude>
    <ClInclude Include="WxTaskModule.h">
      <Filter>Modules\WxTask</Filter>
    </ClInclude>
    <ClInclude Include="..\common\WxTaskReq.h">
      <Filter>Modules\WxTask</Filter>
    </ClInclude>
    <ClInclude Include="BroadcastModule.h">
      <Filter>Modules\Broadcast</Filter>
    </ClInclude>
    <ClInclude Include="PlayerLogon.h">
      <Filter>Modules\PlayerLogon</Filter>
    </ClInclude>
    <ClInclude Include="..\common\tcycomponents\TcyInputTest.h">
      <Filter>tcycomponent</Filter>
    </ClInclude>
    <ClInclude Include="LimitConfig.h">
      <Filter>Modules\LimitConfig</Filter>
    </ClInclude>
    <ClInclude Include="TestPbModule.h">
      <Filter>Modules\TestPbModule</Filter>
    </ClInclude>
    <ClInclude Include="..\pb\TestPbModule\TestPbModule.pb.h">
      <Filter>Modules\TestPbModule</Filter>
    </ClInclude>
  </ItemGroup>
  <ItemGroup>
    <Text Include="ReadMe.txt" />
  </ItemGroup>
  <ItemGroup>
    <ResourceCompile Include="gameAssitSvr.rc">
      <Filter>Resource Files</Filter>
    </ResourceCompile>
  </ItemGroup>
</Project>